// !$*UTF8*$!
{
	archiveVersion = 1;
	classes = {
	};
	objectVersion = 46;
	objects = {

/* Begin PBXBuildFile section */
		E6A8E7911D5C849C0063CC9E /* AppDelegate.swift in Sources */ = {isa = PBXBuildFile; fileRef = E6A8E7901D5C849C0063CC9E /* AppDelegate.swift */; };
		E6A8E7931D5C849C0063CC9E /* ViewController.swift in Sources */ = {isa = PBXBuildFile; fileRef = E6A8E7921D5C849C0063CC9E /* ViewController.swift */; };
		E6A8E7961D5C849C0063CC9E /* Main.storyboard in Resources */ = {isa = PBXBuildFile; fileRef = E6A8E7941D5C849C0063CC9E /* Main.storyboard */; };
		E6A8E7981D5C849C0063CC9E /* Assets.xcassets in Resources */ = {isa = PBXBuildFile; fileRef = E6A8E7971D5C849C0063CC9E /* Assets.xcassets */; };
		E6A8E79B1D5C849C0063CC9E /* LaunchScreen.storyboard in Resources */ = {isa = PBXBuildFile; fileRef = E6A8E7991D5C849C0063CC9E /* LaunchScreen.storyboard */; };
		E6A8E7A61D5C849C0063CC9E /* IM_004Tests.swift in Sources */ = {isa = PBXBuildFile; fileRef = E6A8E7A51D5C849C0063CC9E /* IM_004Tests.swift */; };
		E6A8E7B11D5C849C0063CC9E /* IM_004UITests.swift in Sources */ = {isa = PBXBuildFile; fileRef = E6A8E7B01D5C849C0063CC9E /* IM_004UITests.swift */; };
/* End PBXBuildFile section */

/* Begin PBXContainerItemProxy section */
		E6A8E7A21D5C849C0063CC9E /* PBXContainerItemProxy */ = {
			isa = PBXContainerItemProxy;
			containerPortal = E6A8E7851D5C849C0063CC9E /* Project object */;
			proxyType = 1;
			remoteGlobalIDString = E6A8E78C1D5C849C0063CC9E;
			remoteInfo = "IM-004";
		};
		E6A8E7AD1D5C849C0063CC9E /* PBXContainerItemProxy */ = {
			isa = PBXContainerItemProxy;
			containerPortal = E6A8E7851D5C849C0063CC9E /* Project object */;
			proxyType = 1;
			remoteGlobalIDString = E6A8E78C1D5C849C0063CC9E;
			remoteInfo = "IM-004";
		};
/* End PBXContainerItemProxy section */

/* Begin PBXFileReference section */
		E6A8E78D1D5C849C0063CC9E /* IM-004.app */ = {isa = PBXFileReference; explicitFileType = wrapper.application; includeInIndex = 0; path = "IM-004.app"; sourceTree = BUILT_PRODUCTS_DIR; };
		E6A8E7901D5C849C0063CC9E /* AppDelegate.swift */ = {isa = PBXFileReference; lastKnownFileType = sourcecode.swift; path = AppDelegate.swift; sourceTree = "<group>"; };
		E6A8E7921D5C849C0063CC9E /* ViewController.swift */ = {isa = PBXFileReference; lastKnownFileType = sourcecode.swift; path = ViewController.swift; sourceTree = "<group>"; };
		E6A8E7951D5C849C0063CC9E /* Base */ = {isa = PBXFileReference; lastKnownFileType = file.storyboard; name = Base; path = Base.lproj/Main.storyboard; sourceTree = "<group>"; };
		E6A8E7971D5C849C0063CC9E /* Assets.xcassets */ = {isa = PBXFileReference; lastKnownFileType = folder.assetcatalog; path = Assets.xcassets; sourceTree = "<group>"; };
		E6A8E79A1D5C849C0063CC9E /* Base */ = {isa = PBXFileReference; lastKnownFileType = file.storyboard; name = Base; path = Base.lproj/LaunchScreen.storyboard; sourceTree = "<group>"; };
		E6A8E79C1D5C849C0063CC9E /* Info.plist */ = {isa = PBXFileReference; lastKnownFileType = text.plist.xml; path = Info.plist; sourceTree = "<group>"; };
		E6A8E7A11D5C849C0063CC9E /* IM-004Tests.xctest */ = {isa = PBXFileReference; explicitFileType = wrapper.cfbundle; includeInIndex = 0; path = "IM-004Tests.xctest"; sourceTree = BUILT_PRODUCTS_DIR; };
		E6A8E7A51D5C849C0063CC9E /* IM_004Tests.swift */ = {isa = PBXFileReference; lastKnownFileType = sourcecode.swift; path = IM_004Tests.swift; sourceTree = "<group>"; };
		E6A8E7A71D5C849C0063CC9E /* Info.plist */ = {isa = PBXFileReference; lastKnownFileType = text.plist.xml; path = Info.plist; sourceTree = "<group>"; };
		E6A8E7AC1D5C849C0063CC9E /* IM-004UITests.xctest */ = {isa = PBXFileReference; explicitFileType = wrapper.cfbundle; includeInIndex = 0; path = "IM-004UITests.xctest"; sourceTree = BUILT_PRODUCTS_DIR; };
		E6A8E7B01D5C849C0063CC9E /* IM_004UITests.swift */ = {isa = PBXFileReference; lastKnownFileType = sourcecode.swift; path = IM_004UITests.swift; sourceTree = "<group>"; };
		E6A8E7B21D5C849C0063CC9E /* Info.plist */ = {isa = PBXFileReference; lastKnownFileType = text.plist.xml; path = Info.plist; sourceTree = "<group>"; };
/* End PBXFileReference section */

/* Begin PBXFrameworksBuildPhase section */
		E6A8E78A1D5C849C0063CC9E /* Frameworks */ = {
			isa = PBXFrameworksBuildPhase;
			buildActionMask = 2147483647;
			files = (
			);
			runOnlyForDeploymentPostprocessing = 0;
		};
		E6A8E79E1D5C849C0063CC9E /* Frameworks */ = {
			isa = PBXFrameworksBuildPhase;
			buildActionMask = 2147483647;
			files = (
			);
			runOnlyForDeploymentPostprocessing = 0;
		};
		E6A8E7A91D5C849C0063CC9E /* Frameworks */ = {
			isa = PBXFrameworksBuildPhase;
			buildActionMask = 2147483647;
			files = (
			);
			runOnlyForDeploymentPostprocessing = 0;
		};
/* End PBXFrameworksBuildPhase section */

/* Begin PBXGroup section */
		E6A8E7841D5C849C0063CC9E = {
			isa = PBXGroup;
			children = (
				E6A8E78F1D5C849C0063CC9E /* IM-004 */,
				E6A8E7A41D5C849C0063CC9E /* IM-004Tests */,
				E6A8E7AF1D5C849C0063CC9E /* IM-004UITests */,
				E6A8E78E1D5C849C0063CC9E /* Products */,
			);
			sourceTree = "<group>";
		};
		E6A8E78E1D5C849C0063CC9E /* Products */ = {
			isa = PBXGroup;
			children = (
				E6A8E78D1D5C849C0063CC9E /* IM-004.app */,
				E6A8E7A11D5C849C0063CC9E /* IM-004Tests.xctest */,
				E6A8E7AC1D5C849C0063CC9E /* IM-004UITests.xctest */,
			);
			name = Products;
			sourceTree = "<group>";
		};
		E6A8E78F1D5C849C0063CC9E /* IM-004 */ = {
			isa = PBXGroup;
			children = (
				E6A8E7901D5C849C0063CC9E /* AppDelegate.swift */,
				E6A8E7921D5C849C0063CC9E /* ViewController.swift */,
				E6A8E7941D5C849C0063CC9E /* Main.storyboard */,
				E6A8E7971D5C849C0063CC9E /* Assets.xcassets */,
				E6A8E7991D5C849C0063CC9E /* LaunchScreen.storyboard */,
				E6A8E79C1D5C849C0063CC9E /* Info.plist */,
			);
			path = "IM-004";
			sourceTree = "<group>";
		};
		E6A8E7A41D5C849C0063CC9E /* IM-004Tests */ = {
			isa = PBXGroup;
			children = (
				E6A8E7A51D5C849C0063CC9E /* IM_004Tests.swift */,
				E6A8E7A71D5C849C0063CC9E /* Info.plist */,
			);
			path = "IM-004Tests";
			sourceTree = "<group>";
		};
		E6A8E7AF1D5C849C0063CC9E /* IM-004UITests */ = {
			isa = PBXGroup;
			children = (
				E6A8E7B01D5C849C0063CC9E /* IM_004UITests.swift */,
				E6A8E7B21D5C849C0063CC9E /* Info.plist */,
			);
			path = "IM-004UITests";
			sourceTree = "<group>";
		};
/* End PBXGroup section */

/* Begin PBXNativeTarget section */
		E6A8E78C1D5C849C0063CC9E /* IM-004 */ = {
			isa = PBXNativeTarget;
			buildConfigurationList = E6A8E7B51D5C849C0063CC9E /* Build configuration list for PBXNativeTarget "IM-004" */;
			buildPhases = (
				E6A8E7891D5C849C0063CC9E /* Sources */,
				E6A8E78A1D5C849C0063CC9E /* Frameworks */,
				E6A8E78B1D5C849C0063CC9E /* Resources */,
			);
			buildRules = (
			);
			dependencies = (
			);
			name = "IM-004";
			productName = "IM-004";
			productReference = E6A8E78D1D5C849C0063CC9E /* IM-004.app */;
			productType = "com.apple.product-type.application";
		};
		E6A8E7A01D5C849C0063CC9E /* IM-004Tests */ = {
			isa = PBXNativeTarget;
			buildConfigurationList = E6A8E7B81D5C849C0063CC9E /* Build configuration list for PBXNativeTarget "IM-004Tests" */;
			buildPhases = (
				E6A8E79D1D5C849C0063CC9E /* Sources */,
				E6A8E79E1D5C849C0063CC9E /* Frameworks */,
				E6A8E79F1D5C849C0063CC9E /* Resources */,
			);
			buildRules = (
			);
			dependencies = (
				E6A8E7A31D5C849C0063CC9E /* PBXTargetDependency */,
			);
			name = "IM-004Tests";
			productName = "IM-004Tests";
			productReference = E6A8E7A11D5C849C0063CC9E /* IM-004Tests.xctest */;
			productType = "com.apple.product-type.bundle.unit-test";
		};
		E6A8E7AB1D5C849C0063CC9E /* IM-004UITests */ = {
			isa = PBXNativeTarget;
			buildConfigurationList = E6A8E7BB1D5C849C0063CC9E /* Build configuration list for PBXNativeTarget "IM-004UITests" */;
			buildPhases = (
				E6A8E7A81D5C849C0063CC9E /* Sources */,
				E6A8E7A91D5C849C0063CC9E /* Frameworks */,
				E6A8E7AA1D5C849C0063CC9E /* Resources */,
			);
			buildRules = (
			);
			dependencies = (
				E6A8E7AE1D5C849C0063CC9E /* PBXTargetDependency */,
			);
			name = "IM-004UITests";
			productName = "IM-004UITests";
			productReference = E6A8E7AC1D5C849C0063CC9E /* IM-004UITests.xctest */;
			productType = "com.apple.product-type.bundle.ui-testing";
		};
/* End PBXNativeTarget section */

/* Begin PBXProject section */
		E6A8E7851D5C849C0063CC9E /* Project object */ = {
			isa = PBXProject;
			attributes = {
				LastSwiftUpdateCheck = 0730;
				LastUpgradeCheck = 0730;
				ORGANIZATIONNAME = sj;
				TargetAttributes = {
					E6A8E78C1D5C849C0063CC9E = {
						CreatedOnToolsVersion = 7.3.1;
					};
					E6A8E7A01D5C849C0063CC9E = {
						CreatedOnToolsVersion = 7.3.1;
						TestTargetID = E6A8E78C1D5C849C0063CC9E;
					};
					E6A8E7AB1D5C849C0063CC9E = {
						CreatedOnToolsVersion = 7.3.1;
						TestTargetID = E6A8E78C1D5C849C0063CC9E;
					};
				};
			};
			buildConfigurationList = E6A8E7881D5C849C0063CC9E /* Build configuration list for PBXProject "IM-004" */;
			compatibilityVersion = "Xcode 3.2";
			developmentRegion = English;
			hasScannedForEncodings = 0;
			knownRegions = (
				en,
				Base,
			);
			mainGroup = E6A8E7841D5C849C0063CC9E;
			productRefGroup = E6A8E78E1D5C849C0063CC9E /* Products */;
			projectDirPath = "";
			projectRoot = "";
			targets = (
				E6A8E78C1D5C849C0063CC9E /* IM-004 */,
				E6A8E7A01D5C849C0063CC9E /* IM-004Tests */,
				E6A8E7AB1D5C849C0063CC9E /* IM-004UITests */,
			);
		};
/* End PBXProject section */

/* Begin PBXResourcesBuildPhase section */
		E6A8E78B1D5C849C0063CC9E /* Resources */ = {
			isa = PBXResourcesBuildPhase;
			buildActionMask = 2147483647;
			files = (
				E6A8E79B1D5C849C0063CC9E /* LaunchScreen.storyboard in Resources */,
				E6A8E7981D5C849C0063CC9E /* Assets.xcassets in Resources */,
				E6A8E7961D5C849C0063CC9E /* Main.storyboard in Resources */,
			);
			runOnlyForDeploymentPostprocessing = 0;
		};
		E6A8E79F1D5C849C0063CC9E /* Resources */ = {
			isa = PBXResourcesBuildPhase;
			buildActionMask = 2147483647;
			files = (
			);
			runOnlyForDeploymentPostprocessing = 0;
		};
		E6A8E7AA1D5C849C0063CC9E /* Resources */ = {
			isa = PBXResourcesBuildPhase;
			buildActionMask = 2147483647;
			files = (
			);
			runOnlyForDeploymentPostprocessing = 0;
		};
/* End PBXResourcesBuildPhase section */

/* Begin PBXSourcesBuildPhase section */
		E6A8E7891D5C849C0063CC9E /* Sources */ = {
			isa = PBXSourcesBuildPhase;
			buildActionMask = 2147483647;
			files = (
				E6A8E7931D5C849C0063CC9E /* ViewController.swift in Sources */,
				E6A8E7911D5C849C0063CC9E /* AppDelegate.swift in Sources */,
			);
			runOnlyForDeploymentPostprocessing = 0;
		};
		E6A8E79D1D5C849C0063CC9E /* Sources */ = {
			isa = PBXSourcesBuildPhase;
			buildActionMask = 2147483647;
			files = (
				E6A8E7A61D5C849C0063CC9E /* IM_004Tests.swift in Sources */,
			);
			runOnlyForDeploymentPostprocessing = 0;
		};
		E6A8E7A81D5C849C0063CC9E /* Sources */ = {
			isa = PBXSourcesBuildPhase;
			buildActionMask = 2147483647;
			files = (
				E6A8E7B11D5C849C0063CC9E /* IM_004UITests.swift in Sources */,
			);
			runOnlyForDeploymentPostprocessing = 0;
		};
/* End PBXSourcesBuildPhase section */

/* Begin PBXTargetDependency section */
		E6A8E7A31D5C849C0063CC9E /* PBXTargetDependency */ = {
			isa = PBXTargetDependency;
			target = E6A8E78C1D5C849C0063CC9E /* IM-004 */;
			targetProxy = E6A8E7A21D5C849C0063CC9E /* PBXContainerItemProxy */;
		};
		E6A8E7AE1D5C849C0063CC9E /* PBXTargetDependency */ = {
			isa = PBXTargetDependency;
			target = E6A8E78C1D5C849C0063CC9E /* IM-004 */;
			targetProxy = E6A8E7AD1D5C849C0063CC9E /* PBXContainerItemProxy */;
		};
/* End PBXTargetDependency section */

/* Begin PBXVariantGroup section */
		E6A8E7941D5C849C0063CC9E /* Main.storyboard */ = {
			isa = PBXVariantGroup;
			children = (
				E6A8E7951D5C849C0063CC9E /* Base */,
			);
			name = Main.storyboard;
			sourceTree = "<group>";
		};
		E6A8E7991D5C849C0063CC9E /* LaunchScreen.storyboard */ = {
			isa = PBXVariantGroup;
			children = (
				E6A8E79A1D5C849C0063CC9E /* Base */,
			);
			name = LaunchScreen.storyboard;
			sourceTree = "<group>";
		};
/* End PBXVariantGroup section */

/* Begin XCBuildConfiguration section */
		E6A8E7B31D5C849C0063CC9E /* Debug */ = {
			isa = XCBuildConfiguration;
			buildSettings = {
				ALWAYS_SEARCH_USER_PATHS = NO;
				CLANG_ANALYZER_NONNULL = YES;
				CLANG_CXX_LANGUAGE_STANDARD = "gnu++0x";
				CLANG_CXX_LIBRARY = "libc++";
				CLANG_ENABLE_MODULES = YES;
				CLANG_ENABLE_OBJC_ARC = YES;
				CLANG_WARN_BOOL_CONVERSION = YES;
				CLANG_WARN_CONSTANT_CONVERSION = YES;
				CLANG_WARN_DIRECT_OBJC_ISA_USAGE = YES_ERROR;
				CLANG_WARN_EMPTY_BODY = YES;
				CLANG_WARN_ENUM_CONVERSION = YES;
				CLANG_WARN_INT_CONVERSION = YES;
				CLANG_WARN_OBJC_ROOT_CLASS = YES_ERROR;
				CLANG_WARN_UNREACHABLE_CODE = YES;
				CLANG_WARN__DUPLICATE_METHOD_MATCH = YES;
				"CODE_SIGN_IDENTITY[sdk=iphoneos*]" = "iPhone Developer";
				COPY_PHASE_STRIP = NO;
				DEBUG_INFORMATION_FORMAT = dwarf;
				ENABLE_STRICT_OBJC_MSGSEND = YES;
				ENABLE_TESTABILITY = YES;
				GCC_C_LANGUAGE_STANDARD = gnu99;
				GCC_DYNAMIC_NO_PIC = NO;
				GCC_NO_COMMON_BLOCKS = YES;
				GCC_OPTIMIZATION_LEVEL = 0;
				GCC_PREPROCESSOR_DEFINITIONS = (
					"DEBUG=1",
					"$(inherited)",
				);
				GCC_WARN_64_TO_32_BIT_CONVERSION = YES;
				GCC_WARN_ABOUT_RETURN_TYPE = YES_ERROR;
				GCC_WARN_UNDECLARED_SELECTOR = YES;
				GCC_WARN_UNINITIALIZED_AUTOS = YES_AGGRESSIVE;
				GCC_WARN_UNUSED_FUNCTION = YES;
				GCC_WARN_UNUSED_VARIABLE = YES;
				IPHONEOS_DEPLOYMENT_TARGET = 9.3;
				MTL_ENABLE_DEBUG_INFO = YES;
				ONLY_ACTIVE_ARCH = YES;
				SDKROOT = iphoneos;
				SWIFT_OPTIMIZATION_LEVEL = "-Onone";
			};
			name = Debug;
		};
		E6A8E7B41D5C849C0063CC9E /* Release */ = {
			isa = XCBuildConfiguration;
			buildSettings = {
				ALWAYS_SEARCH_USER_PATHS = NO;
				CLANG_ANALYZER_NONNULL = YES;
				CLANG_CXX_LANGUAGE_STANDARD = "gnu++0x";
				CLANG_CXX_LIBRARY = "libc++";
				CLANG_ENABLE_MODULES = YES;
				CLANG_ENABLE_OBJC_ARC = YES;
				CLANG_WARN_BOOL_CONVERSION = YES;
				CLANG_WARN_CONSTANT_CONVERSION = YES;
				CLANG_WARN_DIRECT_OBJC_ISA_USAGE = YES_ERROR;
				CLANG_WARN_EMPTY_BODY = YES;
				CLANG_WARN_ENUM_CONVERSION = YES;
				CLANG_WARN_INT_CONVERSION = YES;
				CLANG_WARN_OBJC_ROOT_CLASS = YES_ERROR;
				CLANG_WARN_UNREACHABLE_CODE = YES;
				CLANG_WARN__DUPLICATE_METHOD_MATCH = YES;
				"CODE_SIGN_IDENTITY[sdk=iphoneos*]" = "iPhone Developer";
				COPY_PHASE_STRIP = NO;
				DEBUG_INFORMATION_FORMAT = "dwarf-with-dsym";
				ENABLE_NS_ASSERTIONS = NO;
				ENABLE_STRICT_OBJC_MSGSEND = YES;
				GCC_C_LANGUAGE_STANDARD = gnu99;
				GCC_NO_COMMON_BLOCKS = YES;
				GCC_WARN_64_TO_32_BIT_CONVERSION = YES;
				GCC_WARN_ABOUT_RETURN_TYPE = YES_ERROR;
				GCC_WARN_UNDECLARED_SELECTOR = YES;
				GCC_WARN_UNINITIALIZED_AUTOS = YES_AGGRESSIVE;
				GCC_WARN_UNUSED_FUNCTION = YES;
				GCC_WARN_UNUSED_VARIABLE = YES;
				IPHONEOS_DEPLOYMENT_TARGET = 9.3;
				MTL_ENABLE_DEBUG_INFO = NO;
				SDKROOT = iphoneos;
				VALIDATE_PRODUCT = YES;
			};
			name = Release;
		};
		E6A8E7B61D5C849C0063CC9E /* Debug */ = {
			isa = XCBuildConfiguration;
			buildSettings = {
				ASSETCATALOG_COMPILER_APPICON_NAME = AppIcon;
				INFOPLIST_FILE = "IM-004/Info.plist";
				LD_RUNPATH_SEARCH_PATHS = "$(inherited) @executable_path/Frameworks";
				PRODUCT_BUNDLE_IDENTIFIER = "sjware.IM-004";
				PRODUCT_NAME = "$(TARGET_NAME)";
			};
			name = Debug;
		};
		E6A8E7B71D5C849C0063CC9E /* Release */ = {
			isa = XCBuildConfiguration;
			buildSettings = {
				ASSETCATALOG_COMPILER_APPICON_NAME = AppIcon;
				INFOPLIST_FILE = "IM-004/Info.plist";
				LD_RUNPATH_SEARCH_PATHS = "$(inherited) @executable_path/Frameworks";
				PRODUCT_BUNDLE_IDENTIFIER = "sjware.IM-004";
				PRODUCT_NAME = "$(TARGET_NAME)";
			};
			name = Release;
		};
		E6A8E7B91D5C849C0063CC9E /* Debug */ = {
			isa = XCBuildConfiguration;
			buildSettings = {
				BUNDLE_LOADER = "$(TEST_HOST)";
				INFOPLIST_FILE = "IM-004Tests/Info.plist";
				LD_RUNPATH_SEARCH_PATHS = "$(inherited) @executable_path/Frameworks @loader_path/Frameworks";
				PRODUCT_BUNDLE_IDENTIFIER = "sjware.IM-004Tests";
				PRODUCT_NAME = "$(TARGET_NAME)";
				TEST_HOST = "$(BUILT_PRODUCTS_DIR)/IM-004.app/IM-004";
			};
			name = Debug;
		};
		E6A8E7BA1D5C849C0063CC9E /* Release */ = {
			isa = XCBuildConfiguration;
			buildSettings = {
				BUNDLE_LOADER = "$(TEST_HOST)";
				INFOPLIST_FILE = "IM-004Tests/Info.plist";
				LD_RUNPATH_SEARCH_PATHS = "$(inherited) @executable_path/Frameworks @loader_path/Frameworks";
				PRODUCT_BUNDLE_IDENTIFIER = "sjware.IM-004Tests";
				PRODUCT_NAME = "$(TARGET_NAME)";
				TEST_HOST = "$(BUILT_PRODUCTS_DIR)/IM-004.app/IM-004";
			};
			name = Release;
		};
		E6A8E7BC1D5C849C0063CC9E /* Debug */ = {
			isa = XCBuildConfiguration;
			buildSettings = {
				INFOPLIST_FILE = "IM-004UITests/Info.plist";
				LD_RUNPATH_SEARCH_PATHS = "$(inherited) @executable_path/Frameworks @loader_path/Frameworks";
				PRODUCT_BUNDLE_IDENTIFIER = "sjware.IM-004UITests";
				PRODUCT_NAME = "$(TARGET_NAME)";
				TEST_TARGET_NAME = "IM-004";
			};
			name = Debug;
		};
		E6A8E7BD1D5C849C0063CC9E /* Release */ = {
			isa = XCBuildConfiguration;
			buildSettings = {
				INFOPLIST_FILE = "IM-004UITests/Info.plist";
				LD_RUNPATH_SEARCH_PATHS = "$(inherited) @executable_path/Frameworks @loader_path/Frameworks";
				PRODUCT_BUNDLE_IDENTIFIER = "sjware.IM-004UITests";
				PRODUCT_NAME = "$(TARGET_NAME)";
				TEST_TARGET_NAME = "IM-004";
			};
			name = Release;
		};
/* End XCBuildConfiguration section */

/* Begin XCConfigurationList section */
		E6A8E7881D5C849C0063CC9E /* Build configuration list for PBXProject "IM-004" */ = {
			isa = XCConfigurationList;
			buildConfigurations = (
				E6A8E7B31D5C849C0063CC9E /* Debug */,
				E6A8E7B41D5C849C0063CC9E /* Release */,
			);
			defaultConfigurationIsVisible = 0;
			defaultConfigurationName = Release;
		};
		E6A8E7B51D5C849C0063CC9E /* Build configuration list for PBXNativeTarget "IM-004" */ = {
			isa = XCConfigurationList;
			buildConfigurations = (
				E6A8E7B61D5C849C0063CC9E /* Debug */,
				E6A8E7B71D5C849C0063CC9E /* Release */,
			);
			defaultConfigurationIsVisible = 0;
		};
		E6A8E7B81D5C849C0063CC9E /* Build configuration list for PBXNativeTarget "IM-004Tests" */ = {
			isa = XCConfigurationList;
			buildConfigurations = (
				E6A8E7B91D5C849C0063CC9E /* Debug */,
				E6A8E7BA1D5C849C0063CC9E /* Release */,
			);
			defaultConfigurationIsVisible = 0;
		};
		E6A8E7BB1D5C849C0063CC9E /* Build configuration list for PBXNativeTarget "IM-004UITests" */ = {
			isa = XCConfigurationList;
			buildConfigurations = (
				E6A8E7BC1D5C849C0063CC9E /* Debug */,
				E6A8E7BD1D5C849C0063CC9E /* Release */,
			);
			defaultConfigurationIsVisible = 0;
		};
/* End XCConfigurationList section */
	};
	rootObject = E6A8E7851D5C849C0063CC9E /* Project object */;
}
